{
  "name": "webpack_test",
  "version": "1.0.0",
  "lockfileVersion": 1,
  "requires": true,
  "dependencies": {
    "webpack": {
      "version": "4.32.0",
      "resolved": "https://registry.npmjs.org/webpack/-/webpack-4.32.0.tgz",
      "integrity": "sha512-ofFq9jjAn4HRzlmkcZZrjijbRZcqDw+mM9KrjKd0r6lS0qxyZ7jzICzhphGafXL62dGdjP7TgMK9mZeMLUgZgw=="
    },
    "webpack-cli": {
      "version": "3.3.2",
      "resolved": "https://registry.npmjs.org/webpack-cli/-/webpack-cli-3.3.2.tgz",
      "integrity": "sha512-FLkobnaJJ+03j5eplxlI0TUxhGCOdfewspIGuvDVtpOlrAuKMFC57K42Ukxqs1tn8947/PM6tP95gQc0DCzRYA=="
    }
  }
}
